
Microsoft Visual Studio Solution File, Format Version 12.00
# Visual Studio Version 17
VisualStudioVersion = 17.0.31903.59
MinimumVisualStudioVersion = 10.0.40219.1
Project("{9A19103F-16F7-4668-BE54-9A1E7A4F7556}") = "PetSmart", "PetSmart\PetSmart.csproj", "{DA53E953-76B4-45BA-AC5E-0467FE596770}"
EndProject
Project("{FAE04EC0-301F-11D3-BF4B-00C04F79EFBC}") = "Business", "Business\Business.csproj", "{DB54130D-F787-4EEC-975D-1DFF6D0B921F}"
EndProject
Global
	GlobalSection(SolutionConfigurationPlatforms) = preSolution
		Debug|Any CPU = Debug|Any CPU
		Release|Any CPU = Release|Any CPU
	EndGlobalSection
	GlobalSection(ProjectConfigurationPlatforms) = postSolution
		{DA53E953-76B4-45BA-AC5E-0467FE596770}.Debug|Any CPU.ActiveCfg = Debug|Any CPU
		{DA53E953-76B4-45BA-AC5E-0467FE596770}.Debug|Any CPU.Build.0 = Debug|Any CPU
		{DA53E953-76B4-45BA-AC5E-0467FE596770}.Release|Any CPU.ActiveCfg = Release|Any CPU
		{DA53E953-76B4-45BA-AC5E-0467FE596770}.Release|Any CPU.Build.0 = Release|Any CPU
		{DB54130D-F787-4EEC-975D-1DFF6D0B921F}.Debug|Any CPU.ActiveCfg = Debug|Any CPU
		{DB54130D-F787-4EEC-975D-1DFF6D0B921F}.Debug|Any CPU.Build.0 = Debug|Any CPU
		{DB54130D-F787-4EEC-975D-1DFF6D0B921F}.Release|Any CPU.ActiveCfg = Release|Any CPU
		{DB54130D-F787-4EEC-975D-1DFF6D0B921F}.Release|Any CPU.Build.0 = Release|Any CPU
	EndGlobalSection
	GlobalSection(SolutionProperties) = preSolution
		HideSolutionNode = FALSE
	EndGlobalSection
	GlobalSection(ExtensibilityGlobals) = postSolution
		SolutionGuid = {22B1013E-9560-4800-AE3C-EC2D2193896B}
	EndGlobalSection
EndGlobal
